
Microsoft Visual Studio Solution File, Format Version 11.00
# Visual Studio 2010
Project("{FAE04EC0-301F-11D3-BF4B-00C04F79EFBC}") = "AarogyaPharmam", "WebApplication4\AarogyaPharmam.csproj", "{96886A3D-F66B-47AF-8E8E-AD8D7E27AFB3}"
EndProject
Global
	GlobalSection(SolutionConfigurationPlatforms) = preSolution
		Debug|Any CPU = Debug|Any CPU
		Release|Any CPU = Release|Any CPU
	EndGlobalSection
	GlobalSection(ProjectConfigurationPlatforms) = postSolution
		{96886A3D-F66B-47AF-8E8E-AD8D7E27AFB3}.Debug|Any CPU.ActiveCfg = Debug|Any CPU
		{96886A3D-F66B-47AF-8E8E-AD8D7E27AFB3}.Debug|Any CPU.Build.0 = Debug|Any CPU
		{96886A3D-F66B-47AF-8E8E-AD8D7E27AFB3}.Release|Any CPU.ActiveCfg = Release|Any CPU
		{96886A3D-F66B-47AF-8E8E-AD8D7E27AFB3}.Release|Any CPU.Build.0 = Release|Any CPU
	EndGlobalSection
	GlobalSection(SolutionProperties) = preSolution
		HideSolutionNode = FALSE
	EndGlobalSection
EndGlobal
